
Microsoft Visual Studio Solution File, Format Version 12.00
# Visual Studio Version 16
VisualStudioVersion = 16.0.31624.102
MinimumVisualStudioVersion = 10.0.40219.1
Project("{FAE04EC0-301F-11D3-BF4B-00C04F79EFBC}") = "Brainy_Bunch", "Brainy_Bunch\Brainy_Bunch.csproj", "{8B42E723-696D-41E0-8861-A784222BA87D}"
EndProject
Global
	GlobalSection(SolutionConfigurationPlatforms) = preSolution
		Debug|Any CPU = Debug|Any CPU
		Release|Any CPU = Release|Any CPU
	EndGlobalSection
	GlobalSection(ProjectConfigurationPlatforms) = postSolution
		{8B42E723-696D-41E0-8861-A784222BA87D}.Debug|Any CPU.ActiveCfg = Debug|Any CPU
		{8B42E723-696D-41E0-8861-A784222BA87D}.Debug|Any CPU.Build.0 = Debug|Any CPU
		{8B42E723-696D-41E0-8861-A784222BA87D}.Release|Any CPU.ActiveCfg = Release|Any CPU
		{8B42E723-696D-41E0-8861-A784222BA87D}.Release|Any CPU.Build.0 = Release|Any CPU
	EndGlobalSection
	GlobalSection(SolutionProperties) = preSolution
		HideSolutionNode = FALSE
	EndGlobalSection
	GlobalSection(ExtensibilityGlobals) = postSolution
		SolutionGuid = {841CA9EC-1F05-493C-A0E1-2816AB916FC2}
	EndGlobalSection
EndGlobal
